
Microsoft Visual Studio Solution File, Format Version 12.00
# Visual Studio 15
VisualStudioVersion = 15.0.27004.2009
MinimumVisualStudioVersion = 10.0.40219.1
Project("{FAE04EC0-301F-11D3-BF4B-00C04F79EFBC}") = "RimWorldDataExporter", "RimWorldDataExporter.csproj", "{AB81BB16-9BE6-414C-920C-B58861F3CDE3}"
EndProject
Project("{2150E333-8FDC-42A3-9474-1A3956D46DE8}") = "About", "About", "{5CC629F6-38E0-4411-ABCB-20434A8FACFA}"
	ProjectSection(SolutionItems) = preProject
		..\.gitattributes = ..\.gitattributes
		..\.gitignore = ..\.gitignore
		..\About\About.xml = ..\About\About.xml
		..\LICENSE = ..\LICENSE
		..\README.md = ..\README.md
	EndProjectSection
EndProject
Global
	GlobalSection(SolutionConfigurationPlatforms) = preSolution
		Debug|Any CPU = Debug|Any CPU
		Release|Any CPU = Release|Any CPU
	EndGlobalSection
	GlobalSection(ProjectConfigurationPlatforms) = postSolution
		{AB81BB16-9BE6-414C-920C-B58861F3CDE3}.Debug|Any CPU.ActiveCfg = Debug|Any CPU
		{AB81BB16-9BE6-414C-920C-B58861F3CDE3}.Debug|Any CPU.Build.0 = Debug|Any CPU
		{AB81BB16-9BE6-414C-920C-B58861F3CDE3}.Release|Any CPU.ActiveCfg = Release|Any CPU
		{AB81BB16-9BE6-414C-920C-B58861F3CDE3}.Release|Any CPU.Build.0 = Release|Any CPU
	EndGlobalSection
	GlobalSection(SolutionProperties) = preSolution
		HideSolutionNode = FALSE
	EndGlobalSection
	GlobalSection(ExtensibilityGlobals) = postSolution
		SolutionGuid = {6426CBED-7779-450E-8CD3-61B5A1E95B9D}
	EndGlobalSection
EndGlobal
